<Solution>
  <Folder Name="/src/" />
  <Folder Name="/src/BuildingBlocks/">
    <Project Path="src/BuildingBlocks/Contracts/Contracts.csproj" />
    <Project Path="src/BuildingBlocks/SharedKernel/SharedKernel.csproj" />
  </Folder>
  <Folder Name="/src/Services/">
    <Project Path="src/Services/InventoryService/InventoryService.csproj" />
  </Folder>
</Solution>
